PODS:
  - Alamofire (4.9.1)
  - CollectionViewWaterfallLayout (0.5.0)
  - DZNEmptyDataSet (1.8.1)
  - JGProgressHUD (2.2)
  - SDWebImage (5.11.1):
    - SDWebImage/Core (= 5.11.1)
  - SDWebImage/Core (5.11.1)
  - SwiftKeychainWrapper (3.0.1)
  - UnsplasherSDK (1.2.1):
    - Alamofire (~> 4.6)
    - SwiftKeychainWrapper (~> 3.0.1)

DEPENDENCIES:
  - CollectionViewWaterfallLayout
  - DZNEmptyDataSet
  - JGProgressHUD
  - SDWebImage
  - UnsplasherSDK

SPEC REPOS:
  trunk:
    - Alamofire
    - CollectionViewWaterfallLayout
    - DZNEmptyDataSet
    - JGProgressHUD
    - SDWebImage
    - SwiftKeychainWrapper
    - UnsplasherSDK

SPEC CHECKSUMS:
  Alamofire: 85e8a02c69d6020a0d734f6054870d7ecb75cf18
  CollectionViewWaterfallLayout: 4399ba01be265fff4da1ed1d607130fe009780e4
  DZNEmptyDataSet: 9525833b9e68ac21c30253e1d3d7076cc828eaa7
  JGProgressHUD: d83d7a981b85d11205e19ff8ad5bb9c40571c847
  SDWebImage: a7f831e1a65eb5e285e3fb046a23fcfbf08e696d
  SwiftKeychainWrapper: 38952a3636320ae61bad3513cadd870929de7a4a
  UnsplasherSDK: 3bcebce1019a050aee5bac7a12748d75704d6235

PODFILE CHECKSUM: a4cacde823ed4a0f813d53753b3bcc74bd17b07f

COCOAPODS: 1.10.1
